
Microsoft Visual Studio Solution File, Format Version 12.00
# Visual Studio Version 17
VisualStudioVersion = 17.14.36518.9
MinimumVisualStudioVersion = 10.0.40219.1
Project("{2150E333-8FDC-42A3-9474-1A3956D46DE8}") = "Project.V6", "Project.V6", "{36D591C7-65C7-A0D1-1CBC-10CDE441BDC8}"
EndProject
Project("{FAE04EC0-301F-11D3-BF4B-00C04F79EFBC}") = "Tyuiu.AjtkuzhinovEE.Sprint7.V6.Lib", "Tyuiu.AjtkuzhinovEE.Sprint7.V6.Lib\Tyuiu.AjtkuzhinovEE.Sprint7.V6.Lib.csproj", "{6CDBE79F-2857-40DC-968D-F6A7DBBFD940}"
EndProject
Project("{FAE04EC0-301F-11D3-BF4B-00C04F79EFBC}") = "Tyuiu.AjtkuzhinovEE.Sprint7.V6.Test", "Tyuiu.AjtkuzhinovEE.Sprint7.V6.Test\Tyuiu.AjtkuzhinovEE.Sprint7.V6.Test.csproj", "{B31DA959-9674-4455-B3AF-391806AF4C55}"
EndProject
Project("{FAE04EC0-301F-11D3-BF4B-00C04F79EFBC}") = "Tyuiu.AjtkuzhinovEE.Sprint7.V6", "Tyuiu.AjtkuzhinovEE.Sprint7.V6\Tyuiu.AjtkuzhinovEE.Sprint7.V6.csproj", "{49024C46-4986-44C1-B13C-29B89DA1FDD6}"
EndProject
Global
	GlobalSection(SolutionConfigurationPlatforms) = preSolution
		Debug|Any CPU = Debug|Any CPU
		Release|Any CPU = Release|Any CPU
	EndGlobalSection
	GlobalSection(ProjectConfigurationPlatforms) = postSolution
		{6CDBE79F-2857-40DC-968D-F6A7DBBFD940}.Debug|Any CPU.ActiveCfg = Debug|Any CPU
		{6CDBE79F-2857-40DC-968D-F6A7DBBFD940}.Debug|Any CPU.Build.0 = Debug|Any CPU
		{6CDBE79F-2857-40DC-968D-F6A7DBBFD940}.Release|Any CPU.ActiveCfg = Release|Any CPU
		{6CDBE79F-2857-40DC-968D-F6A7DBBFD940}.Release|Any CPU.Build.0 = Release|Any CPU
		{B31DA959-9674-4455-B3AF-391806AF4C55}.Debug|Any CPU.ActiveCfg = Debug|Any CPU
		{B31DA959-9674-4455-B3AF-391806AF4C55}.Debug|Any CPU.Build.0 = Debug|Any CPU
		{B31DA959-9674-4455-B3AF-391806AF4C55}.Release|Any CPU.ActiveCfg = Release|Any CPU
		{B31DA959-9674-4455-B3AF-391806AF4C55}.Release|Any CPU.Build.0 = Release|Any CPU
		{49024C46-4986-44C1-B13C-29B89DA1FDD6}.Debug|Any CPU.ActiveCfg = Debug|Any CPU
		{49024C46-4986-44C1-B13C-29B89DA1FDD6}.Debug|Any CPU.Build.0 = Debug|Any CPU
		{49024C46-4986-44C1-B13C-29B89DA1FDD6}.Release|Any CPU.ActiveCfg = Release|Any CPU
		{49024C46-4986-44C1-B13C-29B89DA1FDD6}.Release|Any CPU.Build.0 = Release|Any CPU
	EndGlobalSection
	GlobalSection(SolutionProperties) = preSolution
		HideSolutionNode = FALSE
	EndGlobalSection
	GlobalSection(NestedProjects) = preSolution
		{6CDBE79F-2857-40DC-968D-F6A7DBBFD940} = {36D591C7-65C7-A0D1-1CBC-10CDE441BDC8}
		{B31DA959-9674-4455-B3AF-391806AF4C55} = {36D591C7-65C7-A0D1-1CBC-10CDE441BDC8}
		{49024C46-4986-44C1-B13C-29B89DA1FDD6} = {36D591C7-65C7-A0D1-1CBC-10CDE441BDC8}
	EndGlobalSection
	GlobalSection(ExtensibilityGlobals) = postSolution
		SolutionGuid = {FB09F750-51F6-4D42-B493-C07EBDAC98CE}
	EndGlobalSection
EndGlobal
